
Microsoft Visual Studio Solution File, Format Version 12.00
# Visual Studio 15
VisualStudioVersion = 15.0.26730.16
MinimumVisualStudioVersion = 10.0.40219.1
Project("{2150E333-8FDC-42A3-9474-1A3956D46DE8}") = "FruityFalls", "FruityFalls", "{F4E7F6BB-C5B1-4ED3-977F-514F4C005D31}"
EndProject
Project("{FAE04EC0-301F-11D3-BF4B-00C04F79EFBC}") = "CocosSharpSamples.FruityFalls.WindowsDX", "FruityFalls\CocosSharpSamples.FruityFalls.WindowsDX\CocosSharpSamples.FruityFalls.WindowsDX.csproj", "{C2AA92EF-1C66-4100-B17B-613EA7CB7BCC}"
EndProject
Project("{D954291E-2A0B-460D-934E-DC6B0785DB48}") = "CocosSharpSamples.FruityFalls.Game", "FruityFalls\CocosSharpSamples.FruityFalls.Game\CocosSharpSamples.FruityFalls.Game.shproj", "{08D965C4-052E-4013-994A-EBB21D6326BC}"
EndProject
Project("{FAE04EC0-301F-11D3-BF4B-00C04F79EFBC}") = "CocosSharpSamples.FruityFalls.UWP", "FruityFalls\CocosSharpSamples.FruityFalls.UWP\CocosSharpSamples.FruityFalls.UWP.csproj", "{168A5F5B-C057-45EF-BCAD-A9EB72E1FD9E}"
EndProject
Global
	GlobalSection(SharedMSBuildProjectFiles) = preSolution
		FruityFalls\CocosSharpSamples.FruityFalls.Game\CocosSharpSamples.FruityFalls.Game.projitems*{08d965c4-052e-4013-994a-ebb21d6326bc}*SharedItemsImports = 13
		FruityFalls\CocosSharpSamples.FruityFalls.Game\CocosSharpSamples.FruityFalls.Game.projitems*{168a5f5b-c057-45ef-bcad-a9eb72e1fd9e}*SharedItemsImports = 4
		FruityFalls\CocosSharpSamples.FruityFalls.Game\CocosSharpSamples.FruityFalls.Game.projitems*{c2aa92ef-1c66-4100-b17b-613ea7cb7bcc}*SharedItemsImports = 4
	EndGlobalSection
	GlobalSection(SolutionConfigurationPlatforms) = preSolution
		Ad-Hoc|Any CPU = Ad-Hoc|Any CPU
		Ad-Hoc|ARM = Ad-Hoc|ARM
		Ad-Hoc|iPhone = Ad-Hoc|iPhone
		Ad-Hoc|iPhoneSimulator = Ad-Hoc|iPhoneSimulator
		Ad-Hoc|x64 = Ad-Hoc|x64
		Ad-Hoc|x86 = Ad-Hoc|x86
		AppStore|Any CPU = AppStore|Any CPU
		AppStore|ARM = AppStore|ARM
		AppStore|iPhone = AppStore|iPhone
		AppStore|iPhoneSimulator = AppStore|iPhoneSimulator
		AppStore|x64 = AppStore|x64
		AppStore|x86 = AppStore|x86
		Debug|Any CPU = Debug|Any CPU
		Debug|ARM = Debug|ARM
		Debug|iPhone = Debug|iPhone
		Debug|iPhoneSimulator = Debug|iPhoneSimulator
		Debug|x64 = Debug|x64
		Debug|x86 = Debug|x86
		Release|Any CPU = Release|Any CPU
		Release|ARM = Release|ARM
		Release|iPhone = Release|iPhone
		Release|iPhoneSimulator = Release|iPhoneSimulator
		Release|x64 = Release|x64
		Release|x86 = Release|x86
	EndGlobalSection
	GlobalSection(ProjectConfigurationPlatforms) = postSolution
		{C2AA92EF-1C66-4100-B17B-613EA7CB7BCC}.Ad-Hoc|Any CPU.ActiveCfg = Release|x86
		{C2AA92EF-1C66-4100-B17B-613EA7CB7BCC}.Ad-Hoc|Any CPU.Build.0 = Release|x86
		{C2AA92EF-1C66-4100-B17B-613EA7CB7BCC}.Ad-Hoc|ARM.ActiveCfg = Release|x86
		{C2AA92EF-1C66-4100-B17B-613EA7CB7BCC}.Ad-Hoc|ARM.Build.0 = Release|x86
		{C2AA92EF-1C66-4100-B17B-613EA7CB7BCC}.Ad-Hoc|iPhone.ActiveCfg = Release|x86
		{C2AA92EF-1C66-4100-B17B-613EA7CB7BCC}.Ad-Hoc|iPhone.Build.0 = Release|x86
		{C2AA92EF-1C66-4100-B17B-613EA7CB7BCC}.Ad-Hoc|iPhoneSimulator.ActiveCfg = Release|x86
		{C2AA92EF-1C66-4100-B17B-613EA7CB7BCC}.Ad-Hoc|iPhoneSimulator.Build.0 = Release|x86
		{C2AA92EF-1C66-4100-B17B-613EA7CB7BCC}.Ad-Hoc|x64.ActiveCfg = Release|x86
		{C2AA92EF-1C66-4100-B17B-613EA7CB7BCC}.Ad-Hoc|x64.Build.0 = Release|x86
		{C2AA92EF-1C66-4100-B17B-613EA7CB7BCC}.Ad-Hoc|x86.ActiveCfg = Release|x86
		{C2AA92EF-1C66-4100-B17B-613EA7CB7BCC}.Ad-Hoc|x86.Build.0 = Release|x86
		{C2AA92EF-1C66-4100-B17B-613EA7CB7BCC}.AppStore|Any CPU.ActiveCfg = Release|x86
		{C2AA92EF-1C66-4100-B17B-613EA7CB7BCC}.AppStore|Any CPU.Build.0 = Release|x86
		{C2AA92EF-1C66-4100-B17B-613EA7CB7BCC}.AppStore|ARM.ActiveCfg = Release|x86
		{C2AA92EF-1C66-4100-B17B-613EA7CB7BCC}.AppStore|ARM.Build.0 = Release|x86
		{C2AA92EF-1C66-4100-B17B-613EA7CB7BCC}.AppStore|iPhone.ActiveCfg = Release|x86
		{C2AA92EF-1C66-4100-B17B-613EA7CB7BCC}.AppStore|iPhone.Build.0 = Release|x86
		{C2AA92EF-1C66-4100-B17B-613EA7CB7BCC}.AppStore|iPhoneSimulator.ActiveCfg = Release|x86
		{C2AA92EF-1C66-4100-B17B-613EA7CB7BCC}.AppStore|iPhoneSimulator.Build.0 = Release|x86
		{C2AA92EF-1C66-4100-B17B-613EA7CB7BCC}.AppStore|x64.ActiveCfg = Release|x86
		{C2AA92EF-1C66-4100-B17B-613EA7CB7BCC}.AppStore|x64.Build.0 = Release|x86
		{C2AA92EF-1C66-4100-B17B-613EA7CB7BCC}.AppStore|x86.ActiveCfg = Release|x86
		{C2AA92EF-1C66-4100-B17B-613EA7CB7BCC}.AppStore|x86.Build.0 = Release|x86
		{C2AA92EF-1C66-4100-B17B-613EA7CB7BCC}.Debug|Any CPU.ActiveCfg = Debug|x86
		{C2AA92EF-1C66-4100-B17B-613EA7CB7BCC}.Debug|ARM.ActiveCfg = Debug|x86
		{C2AA92EF-1C66-4100-B17B-613EA7CB7BCC}.Debug|iPhone.ActiveCfg = Debug|x86
		{C2AA92EF-1C66-4100-B17B-613EA7CB7BCC}.Debug|iPhoneSimulator.ActiveCfg = Debug|x86
		{C2AA92EF-1C66-4100-B17B-613EA7CB7BCC}.Debug|x64.ActiveCfg = Debug|x86
		{C2AA92EF-1C66-4100-B17B-613EA7CB7BCC}.Debug|x86.ActiveCfg = Debug|x86
		{C2AA92EF-1C66-4100-B17B-613EA7CB7BCC}.Debug|x86.Build.0 = Debug|x86
		{C2AA92EF-1C66-4100-B17B-613EA7CB7BCC}.Release|Any CPU.ActiveCfg = Release|x86
		{C2AA92EF-1C66-4100-B17B-613EA7CB7BCC}.Release|ARM.ActiveCfg = Release|x86
		{C2AA92EF-1C66-4100-B17B-613EA7CB7BCC}.Release|iPhone.ActiveCfg = Release|x86
		{C2AA92EF-1C66-4100-B17B-613EA7CB7BCC}.Release|iPhoneSimulator.ActiveCfg = Release|x86
		{C2AA92EF-1C66-4100-B17B-613EA7CB7BCC}.Release|x64.ActiveCfg = Release|x86
		{C2AA92EF-1C66-4100-B17B-613EA7CB7BCC}.Release|x86.ActiveCfg = Release|x86
		{C2AA92EF-1C66-4100-B17B-613EA7CB7BCC}.Release|x86.Build.0 = Release|x86
		{168A5F5B-C057-45EF-BCAD-A9EB72E1FD9E}.Ad-Hoc|Any CPU.ActiveCfg = Release|x64
		{168A5F5B-C057-45EF-BCAD-A9EB72E1FD9E}.Ad-Hoc|Any CPU.Build.0 = Release|x64
		{168A5F5B-C057-45EF-BCAD-A9EB72E1FD9E}.Ad-Hoc|Any CPU.Deploy.0 = Release|x64
		{168A5F5B-C057-45EF-BCAD-A9EB72E1FD9E}.Ad-Hoc|ARM.ActiveCfg = Release|ARM
		{168A5F5B-C057-45EF-BCAD-A9EB72E1FD9E}.Ad-Hoc|ARM.Build.0 = Release|ARM
		{168A5F5B-C057-45EF-BCAD-A9EB72E1FD9E}.Ad-Hoc|ARM.Deploy.0 = Release|ARM
		{168A5F5B-C057-45EF-BCAD-A9EB72E1FD9E}.Ad-Hoc|iPhone.ActiveCfg = Release|x64
		{168A5F5B-C057-45EF-BCAD-A9EB72E1FD9E}.Ad-Hoc|iPhone.Build.0 = Release|x64
		{168A5F5B-C057-45EF-BCAD-A9EB72E1FD9E}.Ad-Hoc|iPhone.Deploy.0 = Release|x64
		{168A5F5B-C057-45EF-BCAD-A9EB72E1FD9E}.Ad-Hoc|iPhoneSimulator.ActiveCfg = Release|x64
		{168A5F5B-C057-45EF-BCAD-A9EB72E1FD9E}.Ad-Hoc|iPhoneSimulator.Build.0 = Release|x64
		{168A5F5B-C057-45EF-BCAD-A9EB72E1FD9E}.Ad-Hoc|iPhoneSimulator.Deploy.0 = Release|x64
		{168A5F5B-C057-45EF-BCAD-A9EB72E1FD9E}.Ad-Hoc|x64.ActiveCfg = Release|x64
		{168A5F5B-C057-45EF-BCAD-A9EB72E1FD9E}.Ad-Hoc|x64.Build.0 = Release|x64
		{168A5F5B-C057-45EF-BCAD-A9EB72E1FD9E}.Ad-Hoc|x64.Deploy.0 = Release|x64
		{168A5F5B-C057-45EF-BCAD-A9EB72E1FD9E}.Ad-Hoc|x86.ActiveCfg = Release|x86
		{168A5F5B-C057-45EF-BCAD-A9EB72E1FD9E}.Ad-Hoc|x86.Build.0 = Release|x86
		{168A5F5B-C057-45EF-BCAD-A9EB72E1FD9E}.Ad-Hoc|x86.Deploy.0 = Release|x86
		{168A5F5B-C057-45EF-BCAD-A9EB72E1FD9E}.AppStore|Any CPU.ActiveCfg = Release|x64
		{168A5F5B-C057-45EF-BCAD-A9EB72E1FD9E}.AppStore|Any CPU.Build.0 = Release|x64
		{168A5F5B-C057-45EF-BCAD-A9EB72E1FD9E}.AppStore|Any CPU.Deploy.0 = Release|x64
		{168A5F5B-C057-45EF-BCAD-A9EB72E1FD9E}.AppStore|ARM.ActiveCfg = Release|ARM
		{168A5F5B-C057-45EF-BCAD-A9EB72E1FD9E}.AppStore|ARM.Build.0 = Release|ARM
		{168A5F5B-C057-45EF-BCAD-A9EB72E1FD9E}.AppStore|ARM.Deploy.0 = Release|ARM
		{168A5F5B-C057-45EF-BCAD-A9EB72E1FD9E}.AppStore|iPhone.ActiveCfg = Release|x64
		{168A5F5B-C057-45EF-BCAD-A9EB72E1FD9E}.AppStore|iPhone.Build.0 = Release|x64
		{168A5F5B-C057-45EF-BCAD-A9EB72E1FD9E}.AppStore|iPhone.Deploy.0 = Release|x64
		{168A5F5B-C057-45EF-BCAD-A9EB72E1FD9E}.AppStore|iPhoneSimulator.ActiveCfg = Release|x64
		{168A5F5B-C057-45EF-BCAD-A9EB72E1FD9E}.AppStore|iPhoneSimulator.Build.0 = Release|x64
		{168A5F5B-C057-45EF-BCAD-A9EB72E1FD9E}.AppStore|iPhoneSimulator.Deploy.0 = Release|x64
		{168A5F5B-C057-45EF-BCAD-A9EB72E1FD9E}.AppStore|x64.ActiveCfg = Release|x64
		{168A5F5B-C057-45EF-BCAD-A9EB72E1FD9E}.AppStore|x64.Build.0 = Release|x64
		{168A5F5B-C057-45EF-BCAD-A9EB72E1FD9E}.AppStore|x64.Deploy.0 = Release|x64
		{168A5F5B-C057-45EF-BCAD-A9EB72E1FD9E}.AppStore|x86.ActiveCfg = Release|x86
		{168A5F5B-C057-45EF-BCAD-A9EB72E1FD9E}.AppStore|x86.Build.0 = Release|x86
		{168A5F5B-C057-45EF-BCAD-A9EB72E1FD9E}.AppStore|x86.Deploy.0 = Release|x86
		{168A5F5B-C057-45EF-BCAD-A9EB72E1FD9E}.Debug|Any CPU.ActiveCfg = Debug|x86
		{168A5F5B-C057-45EF-BCAD-A9EB72E1FD9E}.Debug|ARM.ActiveCfg = Debug|ARM
		{168A5F5B-C057-45EF-BCAD-A9EB72E1FD9E}.Debug|ARM.Build.0 = Debug|ARM
		{168A5F5B-C057-45EF-BCAD-A9EB72E1FD9E}.Debug|ARM.Deploy.0 = Debug|ARM
		{168A5F5B-C057-45EF-BCAD-A9EB72E1FD9E}.Debug|iPhone.ActiveCfg = Debug|x86
		{168A5F5B-C057-45EF-BCAD-A9EB72E1FD9E}.Debug|iPhoneSimulator.ActiveCfg = Debug|x86
		{168A5F5B-C057-45EF-BCAD-A9EB72E1FD9E}.Debug|x64.ActiveCfg = Debug|x64
		{168A5F5B-C057-45EF-BCAD-A9EB72E1FD9E}.Debug|x64.Build.0 = Debug|x64
		{168A5F5B-C057-45EF-BCAD-A9EB72E1FD9E}.Debug|x64.Deploy.0 = Debug|x64
		{168A5F5B-C057-45EF-BCAD-A9EB72E1FD9E}.Debug|x86.ActiveCfg = Debug|x86
		{168A5F5B-C057-45EF-BCAD-A9EB72E1FD9E}.Debug|x86.Build.0 = Debug|x86
		{168A5F5B-C057-45EF-BCAD-A9EB72E1FD9E}.Debug|x86.Deploy.0 = Debug|x86
		{168A5F5B-C057-45EF-BCAD-A9EB72E1FD9E}.Release|Any CPU.ActiveCfg = Release|x86
		{168A5F5B-C057-45EF-BCAD-A9EB72E1FD9E}.Release|ARM.ActiveCfg = Release|ARM
		{168A5F5B-C057-45EF-BCAD-A9EB72E1FD9E}.Release|ARM.Build.0 = Release|ARM
		{168A5F5B-C057-45EF-BCAD-A9EB72E1FD9E}.Release|ARM.Deploy.0 = Release|ARM
		{168A5F5B-C057-45EF-BCAD-A9EB72E1FD9E}.Release|iPhone.ActiveCfg = Release|x86
		{168A5F5B-C057-45EF-BCAD-A9EB72E1FD9E}.Release|iPhoneSimulator.ActiveCfg = Release|x86
		{168A5F5B-C057-45EF-BCAD-A9EB72E1FD9E}.Release|x64.ActiveCfg = Release|x64
		{168A5F5B-C057-45EF-BCAD-A9EB72E1FD9E}.Release|x64.Build.0 = Release|x64
		{168A5F5B-C057-45EF-BCAD-A9EB72E1FD9E}.Release|x64.Deploy.0 = Release|x64
		{168A5F5B-C057-45EF-BCAD-A9EB72E1FD9E}.Release|x86.ActiveCfg = Release|x86
		{168A5F5B-C057-45EF-BCAD-A9EB72E1FD9E}.Release|x86.Build.0 = Release|x86
		{168A5F5B-C057-45EF-BCAD-A9EB72E1FD9E}.Release|x86.Deploy.0 = Release|x86
	EndGlobalSection
	GlobalSection(SolutionProperties) = preSolution
		HideSolutionNode = FALSE
	EndGlobalSection
	GlobalSection(NestedProjects) = preSolution
		{C2AA92EF-1C66-4100-B17B-613EA7CB7BCC} = {F4E7F6BB-C5B1-4ED3-977F-514F4C005D31}
		{08D965C4-052E-4013-994A-EBB21D6326BC} = {F4E7F6BB-C5B1-4ED3-977F-514F4C005D31}
		{168A5F5B-C057-45EF-BCAD-A9EB72E1FD9E} = {F4E7F6BB-C5B1-4ED3-977F-514F4C005D31}
	EndGlobalSection
	GlobalSection(ExtensibilityGlobals) = postSolution
		SolutionGuid = {DB4FAEF4-1EB1-4B58-B66A-32E1252BA7B7}
	EndGlobalSection
EndGlobal
