
Microsoft Visual Studio Solution File, Format Version 12.00
# Visual Studio 15
VisualStudioVersion = 15.0.26730.16
MinimumVisualStudioVersion = 10.0.40219.1
Project("{2150E333-8FDC-42A3-9474-1A3956D46DE8}") = "FruityFalls", "FruityFalls", "{F4E7F6BB-C5B1-4ED3-977F-514F4C005D31}"
EndProject
Project("{FAE04EC0-301F-11D3-BF4B-00C04F79EFBC}") = "CocosSharpSamples.FruityFalls.WindowsDX", "FruityFalls\CocosSharpSamples.FruityFalls.WindowsDX\CocosSharpSamples.FruityFalls.WindowsDX.csproj", "{C2AA92EF-1C66-4100-B17B-613EA7CB7BCC}"
EndProject
Project("{D954291E-2A0B-460D-934E-DC6B0785DB48}") = "CocosSharpSamples.FruityFalls.Game", "FruityFalls\CocosSharpSamples.FruityFalls.Game\CocosSharpSamples.FruityFalls.Game.shproj", "{08D965C4-052E-4013-994A-EBB21D6326BC}"
EndProject
Project("{FAE04EC0-301F-11D3-BF4B-00C04F79EFBC}") = "CocosSharpSamples.FruityFalls.UWP", "FruityFalls\CocosSharpSamples.FruityFalls.UWP\CocosSharpSamples.FruityFalls.UWP.csproj", "{168A5F5B-C057-45EF-BCAD-A9EB72E1FD9E}"
EndProject
Project("{2150E333-8FDC-42A3-9474-1A3956D46DE8}") = "CoinTime", "CoinTime", "{A411DAD7-1D9F-4B8B-9142-4D2233FADD09}"
EndProject
Project("{D954291E-2A0B-460D-934E-DC6B0785DB48}") = "CocosSharpSamples.CoinTime.Game", "CoinTime\CocosSharpSamples.CoinTime.Game\CocosSharpSamples.CoinTime.Game.shproj", "{7C3EC2AF-B8A9-4EFE-A17E-2D74AC163A16}"
EndProject
Project("{FAE04EC0-301F-11D3-BF4B-00C04F79EFBC}") = "CocosSharpSamples.CoinTime.UWP", "CoinTime\CocosSharpSamples.CoinTime.UWP\CocosSharpSamples.CoinTime.UWP.csproj", "{226F8C27-5A3E-40A0-8555-EA22C0FBCA0F}"
EndProject
Project("{FAE04EC0-301F-11D3-BF4B-00C04F79EFBC}") = "CocosSharpSamples.CoinTime.WindowsDX", "CoinTime\CocosSharpSamples.CoinTime.WindowsDX\CocosSharpSamples.CoinTime.WindowsDX.csproj", "{90637FA5-B4FC-48E1-BB86-39C624B1FB5D}"
EndProject
Project("{2150E333-8FDC-42A3-9474-1A3956D46DE8}") = "Dungeon", "Dungeon", "{1CD049EC-70D5-4544-9139-2F49E552CD48}"
EndProject
Project("{D954291E-2A0B-460D-934E-DC6B0785DB48}") = "CocosSharpSamples.Dungeon.Game", "Dungeon\CocosSharpSamples.Dungeon.Game\CocosSharpSamples.Dungeon.Game.shproj", "{0EAD3758-55D6-438B-AE78-3E6A1225F516}"
EndProject
Project("{FAE04EC0-301F-11D3-BF4B-00C04F79EFBC}") = "CocosSharpSamples.Dungeon.UWP", "Dungeon\CocosSharpSamples.Dungeon.UWP\CocosSharpSamples.Dungeon.UWP.csproj", "{4A5D21FF-481E-4FC9-8436-40BDF08993A1}"
EndProject
Project("{2150E333-8FDC-42A3-9474-1A3956D46DE8}") = "CCDrawNode", "CCDrawNode", "{33FAF2CE-1240-445C-AD81-FCBF20F7CF10}"
EndProject
Project("{FAE04EC0-301F-11D3-BF4B-00C04F79EFBC}") = "CocosSharpSamples.CCDrawNode.UWP", "CCDrawNode\CocosSharpSamples.CCDrawNode.UWP\CocosSharpSamples.CCDrawNode.UWP.csproj", "{7C9B9808-E62D-4B5A-A507-42036BDC4556}"
EndProject
Project("{2150E333-8FDC-42A3-9474-1A3956D46DE8}") = "CCAction", "CCAction", "{076FA295-5EB8-4EF6-9281-AFAB35A2029B}"
EndProject
Project("{FAE04EC0-301F-11D3-BF4B-00C04F79EFBC}") = "CocosSharpSamples.CCAction.UWP", "CCAction\CocosSharpSamples.CCAction.UWP\CocosSharpSamples.CCAction.UWP.csproj", "{2FB6AFE4-37D6-41C8-8999-114719097486}"
EndProject
Global
	GlobalSection(SharedMSBuildProjectFiles) = preSolution
		FruityFalls\CocosSharpSamples.FruityFalls.Game\CocosSharpSamples.FruityFalls.Game.projitems*{08d965c4-052e-4013-994a-ebb21d6326bc}*SharedItemsImports = 13
		Dungeon\CocosSharpSamples.Dungeon.Game\CocosSharpSamples.Dungeon.Game.projitems*{0ead3758-55d6-438b-ae78-3e6a1225f516}*SharedItemsImports = 13
		FruityFalls\CocosSharpSamples.FruityFalls.Game\CocosSharpSamples.FruityFalls.Game.projitems*{168a5f5b-c057-45ef-bcad-a9eb72e1fd9e}*SharedItemsImports = 4
		CoinTime\CocosSharpSamples.CoinTime.Game\CocosSharpSamples.CoinTime.Game.projitems*{226f8c27-5a3e-40a0-8555-ea22c0fbca0f}*SharedItemsImports = 4
		Dungeon\CocosSharpSamples.Dungeon.Game\CocosSharpSamples.Dungeon.Game.projitems*{4a5d21ff-481e-4fc9-8436-40bdf08993a1}*SharedItemsImports = 4
		CoinTime\CocosSharpSamples.CoinTime.Game\CocosSharpSamples.CoinTime.Game.projitems*{7c3ec2af-b8a9-4efe-a17e-2d74ac163a16}*SharedItemsImports = 13
		CoinTime\CocosSharpSamples.CoinTime.Game\CocosSharpSamples.CoinTime.Game.projitems*{90637fa5-b4fc-48e1-bb86-39c624b1fb5d}*SharedItemsImports = 4
		FruityFalls\CocosSharpSamples.FruityFalls.Game\CocosSharpSamples.FruityFalls.Game.projitems*{c2aa92ef-1c66-4100-b17b-613ea7cb7bcc}*SharedItemsImports = 4
	EndGlobalSection
	GlobalSection(SolutionConfigurationPlatforms) = preSolution
		Ad-Hoc|Any CPU = Ad-Hoc|Any CPU
		Ad-Hoc|ARM = Ad-Hoc|ARM
		Ad-Hoc|iPhone = Ad-Hoc|iPhone
		Ad-Hoc|iPhoneSimulator = Ad-Hoc|iPhoneSimulator
		Ad-Hoc|x64 = Ad-Hoc|x64
		Ad-Hoc|x86 = Ad-Hoc|x86
		AppStore|Any CPU = AppStore|Any CPU
		AppStore|ARM = AppStore|ARM
		AppStore|iPhone = AppStore|iPhone
		AppStore|iPhoneSimulator = AppStore|iPhoneSimulator
		AppStore|x64 = AppStore|x64
		AppStore|x86 = AppStore|x86
		Debug|Any CPU = Debug|Any CPU
		Debug|ARM = Debug|ARM
		Debug|iPhone = Debug|iPhone
		Debug|iPhoneSimulator = Debug|iPhoneSimulator
		Debug|x64 = Debug|x64
		Debug|x86 = Debug|x86
		Release|Any CPU = Release|Any CPU
		Release|ARM = Release|ARM
		Release|iPhone = Release|iPhone
		Release|iPhoneSimulator = Release|iPhoneSimulator
		Release|x64 = Release|x64
		Release|x86 = Release|x86
	EndGlobalSection
	GlobalSection(ProjectConfigurationPlatforms) = postSolution
		{C2AA92EF-1C66-4100-B17B-613EA7CB7BCC}.Ad-Hoc|Any CPU.ActiveCfg = Release|x86
		{C2AA92EF-1C66-4100-B17B-613EA7CB7BCC}.Ad-Hoc|Any CPU.Build.0 = Release|x86
		{C2AA92EF-1C66-4100-B17B-613EA7CB7BCC}.Ad-Hoc|ARM.ActiveCfg = Release|x86
		{C2AA92EF-1C66-4100-B17B-613EA7CB7BCC}.Ad-Hoc|ARM.Build.0 = Release|x86
		{C2AA92EF-1C66-4100-B17B-613EA7CB7BCC}.Ad-Hoc|iPhone.ActiveCfg = Release|x86
		{C2AA92EF-1C66-4100-B17B-613EA7CB7BCC}.Ad-Hoc|iPhone.Build.0 = Release|x86
		{C2AA92EF-1C66-4100-B17B-613EA7CB7BCC}.Ad-Hoc|iPhoneSimulator.ActiveCfg = Release|x86
		{C2AA92EF-1C66-4100-B17B-613EA7CB7BCC}.Ad-Hoc|iPhoneSimulator.Build.0 = Release|x86
		{C2AA92EF-1C66-4100-B17B-613EA7CB7BCC}.Ad-Hoc|x64.ActiveCfg = Release|x86
		{C2AA92EF-1C66-4100-B17B-613EA7CB7BCC}.Ad-Hoc|x64.Build.0 = Release|x86
		{C2AA92EF-1C66-4100-B17B-613EA7CB7BCC}.Ad-Hoc|x86.ActiveCfg = Release|x86
		{C2AA92EF-1C66-4100-B17B-613EA7CB7BCC}.Ad-Hoc|x86.Build.0 = Release|x86
		{C2AA92EF-1C66-4100-B17B-613EA7CB7BCC}.AppStore|Any CPU.ActiveCfg = Release|x86
		{C2AA92EF-1C66-4100-B17B-613EA7CB7BCC}.AppStore|Any CPU.Build.0 = Release|x86
		{C2AA92EF-1C66-4100-B17B-613EA7CB7BCC}.AppStore|ARM.ActiveCfg = Release|x86
		{C2AA92EF-1C66-4100-B17B-613EA7CB7BCC}.AppStore|ARM.Build.0 = Release|x86
		{C2AA92EF-1C66-4100-B17B-613EA7CB7BCC}.AppStore|iPhone.ActiveCfg = Release|x86
		{C2AA92EF-1C66-4100-B17B-613EA7CB7BCC}.AppStore|iPhone.Build.0 = Release|x86
		{C2AA92EF-1C66-4100-B17B-613EA7CB7BCC}.AppStore|iPhoneSimulator.ActiveCfg = Release|x86
		{C2AA92EF-1C66-4100-B17B-613EA7CB7BCC}.AppStore|iPhoneSimulator.Build.0 = Release|x86
		{C2AA92EF-1C66-4100-B17B-613EA7CB7BCC}.AppStore|x64.ActiveCfg = Release|x86
		{C2AA92EF-1C66-4100-B17B-613EA7CB7BCC}.AppStore|x64.Build.0 = Release|x86
		{C2AA92EF-1C66-4100-B17B-613EA7CB7BCC}.AppStore|x86.ActiveCfg = Release|x86
		{C2AA92EF-1C66-4100-B17B-613EA7CB7BCC}.AppStore|x86.Build.0 = Release|x86
		{C2AA92EF-1C66-4100-B17B-613EA7CB7BCC}.Debug|Any CPU.ActiveCfg = Debug|x86
		{C2AA92EF-1C66-4100-B17B-613EA7CB7BCC}.Debug|ARM.ActiveCfg = Debug|x86
		{C2AA92EF-1C66-4100-B17B-613EA7CB7BCC}.Debug|iPhone.ActiveCfg = Debug|x86
		{C2AA92EF-1C66-4100-B17B-613EA7CB7BCC}.Debug|iPhoneSimulator.ActiveCfg = Debug|x86
		{C2AA92EF-1C66-4100-B17B-613EA7CB7BCC}.Debug|x64.ActiveCfg = Debug|x86
		{C2AA92EF-1C66-4100-B17B-613EA7CB7BCC}.Debug|x86.ActiveCfg = Debug|x86
		{C2AA92EF-1C66-4100-B17B-613EA7CB7BCC}.Debug|x86.Build.0 = Debug|x86
		{C2AA92EF-1C66-4100-B17B-613EA7CB7BCC}.Release|Any CPU.ActiveCfg = Release|x86
		{C2AA92EF-1C66-4100-B17B-613EA7CB7BCC}.Release|ARM.ActiveCfg = Release|x86
		{C2AA92EF-1C66-4100-B17B-613EA7CB7BCC}.Release|iPhone.ActiveCfg = Release|x86
		{C2AA92EF-1C66-4100-B17B-613EA7CB7BCC}.Release|iPhoneSimulator.ActiveCfg = Release|x86
		{C2AA92EF-1C66-4100-B17B-613EA7CB7BCC}.Release|x64.ActiveCfg = Release|x86
		{C2AA92EF-1C66-4100-B17B-613EA7CB7BCC}.Release|x86.ActiveCfg = Release|x86
		{C2AA92EF-1C66-4100-B17B-613EA7CB7BCC}.Release|x86.Build.0 = Release|x86
		{168A5F5B-C057-45EF-BCAD-A9EB72E1FD9E}.Ad-Hoc|Any CPU.ActiveCfg = Release|x64
		{168A5F5B-C057-45EF-BCAD-A9EB72E1FD9E}.Ad-Hoc|Any CPU.Build.0 = Release|x64
		{168A5F5B-C057-45EF-BCAD-A9EB72E1FD9E}.Ad-Hoc|Any CPU.Deploy.0 = Release|x64
		{168A5F5B-C057-45EF-BCAD-A9EB72E1FD9E}.Ad-Hoc|ARM.ActiveCfg = Release|ARM
		{168A5F5B-C057-45EF-BCAD-A9EB72E1FD9E}.Ad-Hoc|ARM.Build.0 = Release|ARM
		{168A5F5B-C057-45EF-BCAD-A9EB72E1FD9E}.Ad-Hoc|ARM.Deploy.0 = Release|ARM
		{168A5F5B-C057-45EF-BCAD-A9EB72E1FD9E}.Ad-Hoc|iPhone.ActiveCfg = Release|x64
		{168A5F5B-C057-45EF-BCAD-A9EB72E1FD9E}.Ad-Hoc|iPhone.Build.0 = Release|x64
		{168A5F5B-C057-45EF-BCAD-A9EB72E1FD9E}.Ad-Hoc|iPhone.Deploy.0 = Release|x64
		{168A5F5B-C057-45EF-BCAD-A9EB72E1FD9E}.Ad-Hoc|iPhoneSimulator.ActiveCfg = Release|x64
		{168A5F5B-C057-45EF-BCAD-A9EB72E1FD9E}.Ad-Hoc|iPhoneSimulator.Build.0 = Release|x64
		{168A5F5B-C057-45EF-BCAD-A9EB72E1FD9E}.Ad-Hoc|iPhoneSimulator.Deploy.0 = Release|x64
		{168A5F5B-C057-45EF-BCAD-A9EB72E1FD9E}.Ad-Hoc|x64.ActiveCfg = Release|x64
		{168A5F5B-C057-45EF-BCAD-A9EB72E1FD9E}.Ad-Hoc|x64.Build.0 = Release|x64
		{168A5F5B-C057-45EF-BCAD-A9EB72E1FD9E}.Ad-Hoc|x64.Deploy.0 = Release|x64
		{168A5F5B-C057-45EF-BCAD-A9EB72E1FD9E}.Ad-Hoc|x86.ActiveCfg = Release|x86
		{168A5F5B-C057-45EF-BCAD-A9EB72E1FD9E}.Ad-Hoc|x86.Build.0 = Release|x86
		{168A5F5B-C057-45EF-BCAD-A9EB72E1FD9E}.Ad-Hoc|x86.Deploy.0 = Release|x86
		{168A5F5B-C057-45EF-BCAD-A9EB72E1FD9E}.AppStore|Any CPU.ActiveCfg = Release|x64
		{168A5F5B-C057-45EF-BCAD-A9EB72E1FD9E}.AppStore|Any CPU.Build.0 = Release|x64
		{168A5F5B-C057-45EF-BCAD-A9EB72E1FD9E}.AppStore|Any CPU.Deploy.0 = Release|x64
		{168A5F5B-C057-45EF-BCAD-A9EB72E1FD9E}.AppStore|ARM.ActiveCfg = Release|ARM
		{168A5F5B-C057-45EF-BCAD-A9EB72E1FD9E}.AppStore|ARM.Build.0 = Release|ARM
		{168A5F5B-C057-45EF-BCAD-A9EB72E1FD9E}.AppStore|ARM.Deploy.0 = Release|ARM
		{168A5F5B-C057-45EF-BCAD-A9EB72E1FD9E}.AppStore|iPhone.ActiveCfg = Release|x64
		{168A5F5B-C057-45EF-BCAD-A9EB72E1FD9E}.AppStore|iPhone.Build.0 = Release|x64
		{168A5F5B-C057-45EF-BCAD-A9EB72E1FD9E}.AppStore|iPhone.Deploy.0 = Release|x64
		{168A5F5B-C057-45EF-BCAD-A9EB72E1FD9E}.AppStore|iPhoneSimulator.ActiveCfg = Release|x64
		{168A5F5B-C057-45EF-BCAD-A9EB72E1FD9E}.AppStore|iPhoneSimulator.Build.0 = Release|x64
		{168A5F5B-C057-45EF-BCAD-A9EB72E1FD9E}.AppStore|iPhoneSimulator.Deploy.0 = Release|x64
		{168A5F5B-C057-45EF-BCAD-A9EB72E1FD9E}.AppStore|x64.ActiveCfg = Release|x64
		{168A5F5B-C057-45EF-BCAD-A9EB72E1FD9E}.AppStore|x64.Build.0 = Release|x64
		{168A5F5B-C057-45EF-BCAD-A9EB72E1FD9E}.AppStore|x64.Deploy.0 = Release|x64
		{168A5F5B-C057-45EF-BCAD-A9EB72E1FD9E}.AppStore|x86.ActiveCfg = Release|x86
		{168A5F5B-C057-45EF-BCAD-A9EB72E1FD9E}.AppStore|x86.Build.0 = Release|x86
		{168A5F5B-C057-45EF-BCAD-A9EB72E1FD9E}.AppStore|x86.Deploy.0 = Release|x86
		{168A5F5B-C057-45EF-BCAD-A9EB72E1FD9E}.Debug|Any CPU.ActiveCfg = Debug|x86
		{168A5F5B-C057-45EF-BCAD-A9EB72E1FD9E}.Debug|ARM.ActiveCfg = Debug|ARM
		{168A5F5B-C057-45EF-BCAD-A9EB72E1FD9E}.Debug|ARM.Build.0 = Debug|ARM
		{168A5F5B-C057-45EF-BCAD-A9EB72E1FD9E}.Debug|ARM.Deploy.0 = Debug|ARM
		{168A5F5B-C057-45EF-BCAD-A9EB72E1FD9E}.Debug|iPhone.ActiveCfg = Debug|x86
		{168A5F5B-C057-45EF-BCAD-A9EB72E1FD9E}.Debug|iPhoneSimulator.ActiveCfg = Debug|x86
		{168A5F5B-C057-45EF-BCAD-A9EB72E1FD9E}.Debug|x64.ActiveCfg = Debug|x64
		{168A5F5B-C057-45EF-BCAD-A9EB72E1FD9E}.Debug|x64.Build.0 = Debug|x64
		{168A5F5B-C057-45EF-BCAD-A9EB72E1FD9E}.Debug|x64.Deploy.0 = Debug|x64
		{168A5F5B-C057-45EF-BCAD-A9EB72E1FD9E}.Debug|x86.ActiveCfg = Debug|x86
		{168A5F5B-C057-45EF-BCAD-A9EB72E1FD9E}.Debug|x86.Build.0 = Debug|x86
		{168A5F5B-C057-45EF-BCAD-A9EB72E1FD9E}.Debug|x86.Deploy.0 = Debug|x86
		{168A5F5B-C057-45EF-BCAD-A9EB72E1FD9E}.Release|Any CPU.ActiveCfg = Release|x86
		{168A5F5B-C057-45EF-BCAD-A9EB72E1FD9E}.Release|ARM.ActiveCfg = Release|ARM
		{168A5F5B-C057-45EF-BCAD-A9EB72E1FD9E}.Release|ARM.Build.0 = Release|ARM
		{168A5F5B-C057-45EF-BCAD-A9EB72E1FD9E}.Release|ARM.Deploy.0 = Release|ARM
		{168A5F5B-C057-45EF-BCAD-A9EB72E1FD9E}.Release|iPhone.ActiveCfg = Release|x86
		{168A5F5B-C057-45EF-BCAD-A9EB72E1FD9E}.Release|iPhoneSimulator.ActiveCfg = Release|x86
		{168A5F5B-C057-45EF-BCAD-A9EB72E1FD9E}.Release|x64.ActiveCfg = Release|x64
		{168A5F5B-C057-45EF-BCAD-A9EB72E1FD9E}.Release|x64.Build.0 = Release|x64
		{168A5F5B-C057-45EF-BCAD-A9EB72E1FD9E}.Release|x64.Deploy.0 = Release|x64
		{168A5F5B-C057-45EF-BCAD-A9EB72E1FD9E}.Release|x86.ActiveCfg = Release|x86
		{168A5F5B-C057-45EF-BCAD-A9EB72E1FD9E}.Release|x86.Build.0 = Release|x86
		{168A5F5B-C057-45EF-BCAD-A9EB72E1FD9E}.Release|x86.Deploy.0 = Release|x86
		{226F8C27-5A3E-40A0-8555-EA22C0FBCA0F}.Ad-Hoc|Any CPU.ActiveCfg = Release|x64
		{226F8C27-5A3E-40A0-8555-EA22C0FBCA0F}.Ad-Hoc|Any CPU.Build.0 = Release|x64
		{226F8C27-5A3E-40A0-8555-EA22C0FBCA0F}.Ad-Hoc|Any CPU.Deploy.0 = Release|x64
		{226F8C27-5A3E-40A0-8555-EA22C0FBCA0F}.Ad-Hoc|ARM.ActiveCfg = Release|ARM
		{226F8C27-5A3E-40A0-8555-EA22C0FBCA0F}.Ad-Hoc|ARM.Build.0 = Release|ARM
		{226F8C27-5A3E-40A0-8555-EA22C0FBCA0F}.Ad-Hoc|ARM.Deploy.0 = Release|ARM
		{226F8C27-5A3E-40A0-8555-EA22C0FBCA0F}.Ad-Hoc|iPhone.ActiveCfg = Release|x64
		{226F8C27-5A3E-40A0-8555-EA22C0FBCA0F}.Ad-Hoc|iPhone.Build.0 = Release|x64
		{226F8C27-5A3E-40A0-8555-EA22C0FBCA0F}.Ad-Hoc|iPhone.Deploy.0 = Release|x64
		{226F8C27-5A3E-40A0-8555-EA22C0FBCA0F}.Ad-Hoc|iPhoneSimulator.ActiveCfg = Release|x64
		{226F8C27-5A3E-40A0-8555-EA22C0FBCA0F}.Ad-Hoc|iPhoneSimulator.Build.0 = Release|x64
		{226F8C27-5A3E-40A0-8555-EA22C0FBCA0F}.Ad-Hoc|iPhoneSimulator.Deploy.0 = Release|x64
		{226F8C27-5A3E-40A0-8555-EA22C0FBCA0F}.Ad-Hoc|x64.ActiveCfg = Release|x64
		{226F8C27-5A3E-40A0-8555-EA22C0FBCA0F}.Ad-Hoc|x64.Build.0 = Release|x64
		{226F8C27-5A3E-40A0-8555-EA22C0FBCA0F}.Ad-Hoc|x64.Deploy.0 = Release|x64
		{226F8C27-5A3E-40A0-8555-EA22C0FBCA0F}.Ad-Hoc|x86.ActiveCfg = Release|x86
		{226F8C27-5A3E-40A0-8555-EA22C0FBCA0F}.Ad-Hoc|x86.Build.0 = Release|x86
		{226F8C27-5A3E-40A0-8555-EA22C0FBCA0F}.Ad-Hoc|x86.Deploy.0 = Release|x86
		{226F8C27-5A3E-40A0-8555-EA22C0FBCA0F}.AppStore|Any CPU.ActiveCfg = Release|x64
		{226F8C27-5A3E-40A0-8555-EA22C0FBCA0F}.AppStore|Any CPU.Build.0 = Release|x64
		{226F8C27-5A3E-40A0-8555-EA22C0FBCA0F}.AppStore|Any CPU.Deploy.0 = Release|x64
		{226F8C27-5A3E-40A0-8555-EA22C0FBCA0F}.AppStore|ARM.ActiveCfg = Release|ARM
		{226F8C27-5A3E-40A0-8555-EA22C0FBCA0F}.AppStore|ARM.Build.0 = Release|ARM
		{226F8C27-5A3E-40A0-8555-EA22C0FBCA0F}.AppStore|ARM.Deploy.0 = Release|ARM
		{226F8C27-5A3E-40A0-8555-EA22C0FBCA0F}.AppStore|iPhone.ActiveCfg = Release|x64
		{226F8C27-5A3E-40A0-8555-EA22C0FBCA0F}.AppStore|iPhone.Build.0 = Release|x64
		{226F8C27-5A3E-40A0-8555-EA22C0FBCA0F}.AppStore|iPhone.Deploy.0 = Release|x64
		{226F8C27-5A3E-40A0-8555-EA22C0FBCA0F}.AppStore|iPhoneSimulator.ActiveCfg = Release|x64
		{226F8C27-5A3E-40A0-8555-EA22C0FBCA0F}.AppStore|iPhoneSimulator.Build.0 = Release|x64
		{226F8C27-5A3E-40A0-8555-EA22C0FBCA0F}.AppStore|iPhoneSimulator.Deploy.0 = Release|x64
		{226F8C27-5A3E-40A0-8555-EA22C0FBCA0F}.AppStore|x64.ActiveCfg = Release|x64
		{226F8C27-5A3E-40A0-8555-EA22C0FBCA0F}.AppStore|x64.Build.0 = Release|x64
		{226F8C27-5A3E-40A0-8555-EA22C0FBCA0F}.AppStore|x64.Deploy.0 = Release|x64
		{226F8C27-5A3E-40A0-8555-EA22C0FBCA0F}.AppStore|x86.ActiveCfg = Release|x86
		{226F8C27-5A3E-40A0-8555-EA22C0FBCA0F}.AppStore|x86.Build.0 = Release|x86
		{226F8C27-5A3E-40A0-8555-EA22C0FBCA0F}.AppStore|x86.Deploy.0 = Release|x86
		{226F8C27-5A3E-40A0-8555-EA22C0FBCA0F}.Debug|Any CPU.ActiveCfg = Debug|x86
		{226F8C27-5A3E-40A0-8555-EA22C0FBCA0F}.Debug|ARM.ActiveCfg = Debug|ARM
		{226F8C27-5A3E-40A0-8555-EA22C0FBCA0F}.Debug|ARM.Build.0 = Debug|ARM
		{226F8C27-5A3E-40A0-8555-EA22C0FBCA0F}.Debug|ARM.Deploy.0 = Debug|ARM
		{226F8C27-5A3E-40A0-8555-EA22C0FBCA0F}.Debug|iPhone.ActiveCfg = Debug|x86
		{226F8C27-5A3E-40A0-8555-EA22C0FBCA0F}.Debug|iPhoneSimulator.ActiveCfg = Debug|x86
		{226F8C27-5A3E-40A0-8555-EA22C0FBCA0F}.Debug|x64.ActiveCfg = Debug|x64
		{226F8C27-5A3E-40A0-8555-EA22C0FBCA0F}.Debug|x64.Build.0 = Debug|x64
		{226F8C27-5A3E-40A0-8555-EA22C0FBCA0F}.Debug|x64.Deploy.0 = Debug|x64
		{226F8C27-5A3E-40A0-8555-EA22C0FBCA0F}.Debug|x86.ActiveCfg = Debug|x86
		{226F8C27-5A3E-40A0-8555-EA22C0FBCA0F}.Debug|x86.Build.0 = Debug|x86
		{226F8C27-5A3E-40A0-8555-EA22C0FBCA0F}.Debug|x86.Deploy.0 = Debug|x86
		{226F8C27-5A3E-40A0-8555-EA22C0FBCA0F}.Release|Any CPU.ActiveCfg = Release|x86
		{226F8C27-5A3E-40A0-8555-EA22C0FBCA0F}.Release|ARM.ActiveCfg = Release|ARM
		{226F8C27-5A3E-40A0-8555-EA22C0FBCA0F}.Release|ARM.Build.0 = Release|ARM
		{226F8C27-5A3E-40A0-8555-EA22C0FBCA0F}.Release|ARM.Deploy.0 = Release|ARM
		{226F8C27-5A3E-40A0-8555-EA22C0FBCA0F}.Release|iPhone.ActiveCfg = Release|x86
		{226F8C27-5A3E-40A0-8555-EA22C0FBCA0F}.Release|iPhoneSimulator.ActiveCfg = Release|x86
		{226F8C27-5A3E-40A0-8555-EA22C0FBCA0F}.Release|x64.ActiveCfg = Release|x64
		{226F8C27-5A3E-40A0-8555-EA22C0FBCA0F}.Release|x64.Build.0 = Release|x64
		{226F8C27-5A3E-40A0-8555-EA22C0FBCA0F}.Release|x64.Deploy.0 = Release|x64
		{226F8C27-5A3E-40A0-8555-EA22C0FBCA0F}.Release|x86.ActiveCfg = Release|x86
		{226F8C27-5A3E-40A0-8555-EA22C0FBCA0F}.Release|x86.Build.0 = Release|x86
		{226F8C27-5A3E-40A0-8555-EA22C0FBCA0F}.Release|x86.Deploy.0 = Release|x86
		{90637FA5-B4FC-48E1-BB86-39C624B1FB5D}.Ad-Hoc|Any CPU.ActiveCfg = Release|Any CPU
		{90637FA5-B4FC-48E1-BB86-39C624B1FB5D}.Ad-Hoc|Any CPU.Build.0 = Release|Any CPU
		{90637FA5-B4FC-48E1-BB86-39C624B1FB5D}.Ad-Hoc|ARM.ActiveCfg = Release|Any CPU
		{90637FA5-B4FC-48E1-BB86-39C624B1FB5D}.Ad-Hoc|ARM.Build.0 = Release|Any CPU
		{90637FA5-B4FC-48E1-BB86-39C624B1FB5D}.Ad-Hoc|iPhone.ActiveCfg = Release|Any CPU
		{90637FA5-B4FC-48E1-BB86-39C624B1FB5D}.Ad-Hoc|iPhone.Build.0 = Release|Any CPU
		{90637FA5-B4FC-48E1-BB86-39C624B1FB5D}.Ad-Hoc|iPhoneSimulator.ActiveCfg = Release|Any CPU
		{90637FA5-B4FC-48E1-BB86-39C624B1FB5D}.Ad-Hoc|iPhoneSimulator.Build.0 = Release|Any CPU
		{90637FA5-B4FC-48E1-BB86-39C624B1FB5D}.Ad-Hoc|x64.ActiveCfg = Release|Any CPU
		{90637FA5-B4FC-48E1-BB86-39C624B1FB5D}.Ad-Hoc|x64.Build.0 = Release|Any CPU
		{90637FA5-B4FC-48E1-BB86-39C624B1FB5D}.Ad-Hoc|x86.ActiveCfg = Release|Any CPU
		{90637FA5-B4FC-48E1-BB86-39C624B1FB5D}.Ad-Hoc|x86.Build.0 = Release|Any CPU
		{90637FA5-B4FC-48E1-BB86-39C624B1FB5D}.AppStore|Any CPU.ActiveCfg = Release|Any CPU
		{90637FA5-B4FC-48E1-BB86-39C624B1FB5D}.AppStore|Any CPU.Build.0 = Release|Any CPU
		{90637FA5-B4FC-48E1-BB86-39C624B1FB5D}.AppStore|ARM.ActiveCfg = Release|Any CPU
		{90637FA5-B4FC-48E1-BB86-39C624B1FB5D}.AppStore|ARM.Build.0 = Release|Any CPU
		{90637FA5-B4FC-48E1-BB86-39C624B1FB5D}.AppStore|iPhone.ActiveCfg = Release|Any CPU
		{90637FA5-B4FC-48E1-BB86-39C624B1FB5D}.AppStore|iPhone.Build.0 = Release|Any CPU
		{90637FA5-B4FC-48E1-BB86-39C624B1FB5D}.AppStore|iPhoneSimulator.ActiveCfg = Release|Any CPU
		{90637FA5-B4FC-48E1-BB86-39C624B1FB5D}.AppStore|iPhoneSimulator.Build.0 = Release|Any CPU
		{90637FA5-B4FC-48E1-BB86-39C624B1FB5D}.AppStore|x64.ActiveCfg = Release|Any CPU
		{90637FA5-B4FC-48E1-BB86-39C624B1FB5D}.AppStore|x64.Build.0 = Release|Any CPU
		{90637FA5-B4FC-48E1-BB86-39C624B1FB5D}.AppStore|x86.ActiveCfg = Release|Any CPU
		{90637FA5-B4FC-48E1-BB86-39C624B1FB5D}.AppStore|x86.Build.0 = Release|Any CPU
		{90637FA5-B4FC-48E1-BB86-39C624B1FB5D}.Debug|Any CPU.ActiveCfg = Debug|Any CPU
		{90637FA5-B4FC-48E1-BB86-39C624B1FB5D}.Debug|Any CPU.Build.0 = Debug|Any CPU
		{90637FA5-B4FC-48E1-BB86-39C624B1FB5D}.Debug|ARM.ActiveCfg = Debug|Any CPU
		{90637FA5-B4FC-48E1-BB86-39C624B1FB5D}.Debug|ARM.Build.0 = Debug|Any CPU
		{90637FA5-B4FC-48E1-BB86-39C624B1FB5D}.Debug|iPhone.ActiveCfg = Debug|Any CPU
		{90637FA5-B4FC-48E1-BB86-39C624B1FB5D}.Debug|iPhone.Build.0 = Debug|Any CPU
		{90637FA5-B4FC-48E1-BB86-39C624B1FB5D}.Debug|iPhoneSimulator.ActiveCfg = Debug|Any CPU
		{90637FA5-B4FC-48E1-BB86-39C624B1FB5D}.Debug|iPhoneSimulator.Build.0 = Debug|Any CPU
		{90637FA5-B4FC-48E1-BB86-39C624B1FB5D}.Debug|x64.ActiveCfg = Debug|Any CPU
		{90637FA5-B4FC-48E1-BB86-39C624B1FB5D}.Debug|x64.Build.0 = Debug|Any CPU
		{90637FA5-B4FC-48E1-BB86-39C624B1FB5D}.Debug|x86.ActiveCfg = Debug|Any CPU
		{90637FA5-B4FC-48E1-BB86-39C624B1FB5D}.Debug|x86.Build.0 = Debug|Any CPU
		{90637FA5-B4FC-48E1-BB86-39C624B1FB5D}.Release|Any CPU.ActiveCfg = Release|Any CPU
		{90637FA5-B4FC-48E1-BB86-39C624B1FB5D}.Release|Any CPU.Build.0 = Release|Any CPU
		{90637FA5-B4FC-48E1-BB86-39C624B1FB5D}.Release|ARM.ActiveCfg = Release|Any CPU
		{90637FA5-B4FC-48E1-BB86-39C624B1FB5D}.Release|ARM.Build.0 = Release|Any CPU
		{90637FA5-B4FC-48E1-BB86-39C624B1FB5D}.Release|iPhone.ActiveCfg = Release|Any CPU
		{90637FA5-B4FC-48E1-BB86-39C624B1FB5D}.Release|iPhone.Build.0 = Release|Any CPU
		{90637FA5-B4FC-48E1-BB86-39C624B1FB5D}.Release|iPhoneSimulator.ActiveCfg = Release|Any CPU
		{90637FA5-B4FC-48E1-BB86-39C624B1FB5D}.Release|iPhoneSimulator.Build.0 = Release|Any CPU
		{90637FA5-B4FC-48E1-BB86-39C624B1FB5D}.Release|x64.ActiveCfg = Release|Any CPU
		{90637FA5-B4FC-48E1-BB86-39C624B1FB5D}.Release|x64.Build.0 = Release|Any CPU
		{90637FA5-B4FC-48E1-BB86-39C624B1FB5D}.Release|x86.ActiveCfg = Release|Any CPU
		{90637FA5-B4FC-48E1-BB86-39C624B1FB5D}.Release|x86.Build.0 = Release|Any CPU
		{4A5D21FF-481E-4FC9-8436-40BDF08993A1}.Ad-Hoc|Any CPU.ActiveCfg = Release|x64
		{4A5D21FF-481E-4FC9-8436-40BDF08993A1}.Ad-Hoc|Any CPU.Build.0 = Release|x64
		{4A5D21FF-481E-4FC9-8436-40BDF08993A1}.Ad-Hoc|Any CPU.Deploy.0 = Release|x64
		{4A5D21FF-481E-4FC9-8436-40BDF08993A1}.Ad-Hoc|ARM.ActiveCfg = Release|ARM
		{4A5D21FF-481E-4FC9-8436-40BDF08993A1}.Ad-Hoc|ARM.Build.0 = Release|ARM
		{4A5D21FF-481E-4FC9-8436-40BDF08993A1}.Ad-Hoc|ARM.Deploy.0 = Release|ARM
		{4A5D21FF-481E-4FC9-8436-40BDF08993A1}.Ad-Hoc|iPhone.ActiveCfg = Release|x64
		{4A5D21FF-481E-4FC9-8436-40BDF08993A1}.Ad-Hoc|iPhone.Build.0 = Release|x64
		{4A5D21FF-481E-4FC9-8436-40BDF08993A1}.Ad-Hoc|iPhone.Deploy.0 = Release|x64
		{4A5D21FF-481E-4FC9-8436-40BDF08993A1}.Ad-Hoc|iPhoneSimulator.ActiveCfg = Release|x64
		{4A5D21FF-481E-4FC9-8436-40BDF08993A1}.Ad-Hoc|iPhoneSimulator.Build.0 = Release|x64
		{4A5D21FF-481E-4FC9-8436-40BDF08993A1}.Ad-Hoc|iPhoneSimulator.Deploy.0 = Release|x64
		{4A5D21FF-481E-4FC9-8436-40BDF08993A1}.Ad-Hoc|x64.ActiveCfg = Release|x64
		{4A5D21FF-481E-4FC9-8436-40BDF08993A1}.Ad-Hoc|x64.Build.0 = Release|x64
		{4A5D21FF-481E-4FC9-8436-40BDF08993A1}.Ad-Hoc|x64.Deploy.0 = Release|x64
		{4A5D21FF-481E-4FC9-8436-40BDF08993A1}.Ad-Hoc|x86.ActiveCfg = Release|x86
		{4A5D21FF-481E-4FC9-8436-40BDF08993A1}.Ad-Hoc|x86.Build.0 = Release|x86
		{4A5D21FF-481E-4FC9-8436-40BDF08993A1}.Ad-Hoc|x86.Deploy.0 = Release|x86
		{4A5D21FF-481E-4FC9-8436-40BDF08993A1}.AppStore|Any CPU.ActiveCfg = Release|x64
		{4A5D21FF-481E-4FC9-8436-40BDF08993A1}.AppStore|Any CPU.Build.0 = Release|x64
		{4A5D21FF-481E-4FC9-8436-40BDF08993A1}.AppStore|Any CPU.Deploy.0 = Release|x64
		{4A5D21FF-481E-4FC9-8436-40BDF08993A1}.AppStore|ARM.ActiveCfg = Release|ARM
		{4A5D21FF-481E-4FC9-8436-40BDF08993A1}.AppStore|ARM.Build.0 = Release|ARM
		{4A5D21FF-481E-4FC9-8436-40BDF08993A1}.AppStore|ARM.Deploy.0 = Release|ARM
		{4A5D21FF-481E-4FC9-8436-40BDF08993A1}.AppStore|iPhone.ActiveCfg = Release|x64
		{4A5D21FF-481E-4FC9-8436-40BDF08993A1}.AppStore|iPhone.Build.0 = Release|x64
		{4A5D21FF-481E-4FC9-8436-40BDF08993A1}.AppStore|iPhone.Deploy.0 = Release|x64
		{4A5D21FF-481E-4FC9-8436-40BDF08993A1}.AppStore|iPhoneSimulator.ActiveCfg = Release|x64
		{4A5D21FF-481E-4FC9-8436-40BDF08993A1}.AppStore|iPhoneSimulator.Build.0 = Release|x64
		{4A5D21FF-481E-4FC9-8436-40BDF08993A1}.AppStore|iPhoneSimulator.Deploy.0 = Release|x64
		{4A5D21FF-481E-4FC9-8436-40BDF08993A1}.AppStore|x64.ActiveCfg = Release|x64
		{4A5D21FF-481E-4FC9-8436-40BDF08993A1}.AppStore|x64.Build.0 = Release|x64
		{4A5D21FF-481E-4FC9-8436-40BDF08993A1}.AppStore|x64.Deploy.0 = Release|x64
		{4A5D21FF-481E-4FC9-8436-40BDF08993A1}.AppStore|x86.ActiveCfg = Release|x86
		{4A5D21FF-481E-4FC9-8436-40BDF08993A1}.AppStore|x86.Build.0 = Release|x86
		{4A5D21FF-481E-4FC9-8436-40BDF08993A1}.AppStore|x86.Deploy.0 = Release|x86
		{4A5D21FF-481E-4FC9-8436-40BDF08993A1}.Debug|Any CPU.ActiveCfg = Debug|x86
		{4A5D21FF-481E-4FC9-8436-40BDF08993A1}.Debug|ARM.ActiveCfg = Debug|ARM
		{4A5D21FF-481E-4FC9-8436-40BDF08993A1}.Debug|ARM.Build.0 = Debug|ARM
		{4A5D21FF-481E-4FC9-8436-40BDF08993A1}.Debug|ARM.Deploy.0 = Debug|ARM
		{4A5D21FF-481E-4FC9-8436-40BDF08993A1}.Debug|iPhone.ActiveCfg = Debug|x86
		{4A5D21FF-481E-4FC9-8436-40BDF08993A1}.Debug|iPhoneSimulator.ActiveCfg = Debug|x86
		{4A5D21FF-481E-4FC9-8436-40BDF08993A1}.Debug|x64.ActiveCfg = Debug|x64
		{4A5D21FF-481E-4FC9-8436-40BDF08993A1}.Debug|x64.Build.0 = Debug|x64
		{4A5D21FF-481E-4FC9-8436-40BDF08993A1}.Debug|x64.Deploy.0 = Debug|x64
		{4A5D21FF-481E-4FC9-8436-40BDF08993A1}.Debug|x86.ActiveCfg = Debug|x86
		{4A5D21FF-481E-4FC9-8436-40BDF08993A1}.Debug|x86.Build.0 = Debug|x86
		{4A5D21FF-481E-4FC9-8436-40BDF08993A1}.Debug|x86.Deploy.0 = Debug|x86
		{4A5D21FF-481E-4FC9-8436-40BDF08993A1}.Release|Any CPU.ActiveCfg = Release|x86
		{4A5D21FF-481E-4FC9-8436-40BDF08993A1}.Release|ARM.ActiveCfg = Release|ARM
		{4A5D21FF-481E-4FC9-8436-40BDF08993A1}.Release|ARM.Build.0 = Release|ARM
		{4A5D21FF-481E-4FC9-8436-40BDF08993A1}.Release|ARM.Deploy.0 = Release|ARM
		{4A5D21FF-481E-4FC9-8436-40BDF08993A1}.Release|iPhone.ActiveCfg = Release|x86
		{4A5D21FF-481E-4FC9-8436-40BDF08993A1}.Release|iPhoneSimulator.ActiveCfg = Release|x86
		{4A5D21FF-481E-4FC9-8436-40BDF08993A1}.Release|x64.ActiveCfg = Release|x64
		{4A5D21FF-481E-4FC9-8436-40BDF08993A1}.Release|x64.Build.0 = Release|x64
		{4A5D21FF-481E-4FC9-8436-40BDF08993A1}.Release|x64.Deploy.0 = Release|x64
		{4A5D21FF-481E-4FC9-8436-40BDF08993A1}.Release|x86.ActiveCfg = Release|x86
		{4A5D21FF-481E-4FC9-8436-40BDF08993A1}.Release|x86.Build.0 = Release|x86
		{4A5D21FF-481E-4FC9-8436-40BDF08993A1}.Release|x86.Deploy.0 = Release|x86
		{7C9B9808-E62D-4B5A-A507-42036BDC4556}.Ad-Hoc|Any CPU.ActiveCfg = Release|x64
		{7C9B9808-E62D-4B5A-A507-42036BDC4556}.Ad-Hoc|Any CPU.Build.0 = Release|x64
		{7C9B9808-E62D-4B5A-A507-42036BDC4556}.Ad-Hoc|Any CPU.Deploy.0 = Release|x64
		{7C9B9808-E62D-4B5A-A507-42036BDC4556}.Ad-Hoc|ARM.ActiveCfg = Release|ARM
		{7C9B9808-E62D-4B5A-A507-42036BDC4556}.Ad-Hoc|ARM.Build.0 = Release|ARM
		{7C9B9808-E62D-4B5A-A507-42036BDC4556}.Ad-Hoc|ARM.Deploy.0 = Release|ARM
		{7C9B9808-E62D-4B5A-A507-42036BDC4556}.Ad-Hoc|iPhone.ActiveCfg = Release|x64
		{7C9B9808-E62D-4B5A-A507-42036BDC4556}.Ad-Hoc|iPhone.Build.0 = Release|x64
		{7C9B9808-E62D-4B5A-A507-42036BDC4556}.Ad-Hoc|iPhone.Deploy.0 = Release|x64
		{7C9B9808-E62D-4B5A-A507-42036BDC4556}.Ad-Hoc|iPhoneSimulator.ActiveCfg = Release|x64
		{7C9B9808-E62D-4B5A-A507-42036BDC4556}.Ad-Hoc|iPhoneSimulator.Build.0 = Release|x64
		{7C9B9808-E62D-4B5A-A507-42036BDC4556}.Ad-Hoc|iPhoneSimulator.Deploy.0 = Release|x64
		{7C9B9808-E62D-4B5A-A507-42036BDC4556}.Ad-Hoc|x64.ActiveCfg = Release|x64
		{7C9B9808-E62D-4B5A-A507-42036BDC4556}.Ad-Hoc|x64.Build.0 = Release|x64
		{7C9B9808-E62D-4B5A-A507-42036BDC4556}.Ad-Hoc|x64.Deploy.0 = Release|x64
		{7C9B9808-E62D-4B5A-A507-42036BDC4556}.Ad-Hoc|x86.ActiveCfg = Release|x86
		{7C9B9808-E62D-4B5A-A507-42036BDC4556}.Ad-Hoc|x86.Build.0 = Release|x86
		{7C9B9808-E62D-4B5A-A507-42036BDC4556}.Ad-Hoc|x86.Deploy.0 = Release|x86
		{7C9B9808-E62D-4B5A-A507-42036BDC4556}.AppStore|Any CPU.ActiveCfg = Release|x64
		{7C9B9808-E62D-4B5A-A507-42036BDC4556}.AppStore|Any CPU.Build.0 = Release|x64
		{7C9B9808-E62D-4B5A-A507-42036BDC4556}.AppStore|Any CPU.Deploy.0 = Release|x64
		{7C9B9808-E62D-4B5A-A507-42036BDC4556}.AppStore|ARM.ActiveCfg = Release|ARM
		{7C9B9808-E62D-4B5A-A507-42036BDC4556}.AppStore|ARM.Build.0 = Release|ARM
		{7C9B9808-E62D-4B5A-A507-42036BDC4556}.AppStore|ARM.Deploy.0 = Release|ARM
		{7C9B9808-E62D-4B5A-A507-42036BDC4556}.AppStore|iPhone.ActiveCfg = Release|x64
		{7C9B9808-E62D-4B5A-A507-42036BDC4556}.AppStore|iPhone.Build.0 = Release|x64
		{7C9B9808-E62D-4B5A-A507-42036BDC4556}.AppStore|iPhone.Deploy.0 = Release|x64
		{7C9B9808-E62D-4B5A-A507-42036BDC4556}.AppStore|iPhoneSimulator.ActiveCfg = Release|x64
		{7C9B9808-E62D-4B5A-A507-42036BDC4556}.AppStore|iPhoneSimulator.Build.0 = Release|x64
		{7C9B9808-E62D-4B5A-A507-42036BDC4556}.AppStore|iPhoneSimulator.Deploy.0 = Release|x64
		{7C9B9808-E62D-4B5A-A507-42036BDC4556}.AppStore|x64.ActiveCfg = Release|x64
		{7C9B9808-E62D-4B5A-A507-42036BDC4556}.AppStore|x64.Build.0 = Release|x64
		{7C9B9808-E62D-4B5A-A507-42036BDC4556}.AppStore|x64.Deploy.0 = Release|x64
		{7C9B9808-E62D-4B5A-A507-42036BDC4556}.AppStore|x86.ActiveCfg = Release|x86
		{7C9B9808-E62D-4B5A-A507-42036BDC4556}.AppStore|x86.Build.0 = Release|x86
		{7C9B9808-E62D-4B5A-A507-42036BDC4556}.AppStore|x86.Deploy.0 = Release|x86
		{7C9B9808-E62D-4B5A-A507-42036BDC4556}.Debug|Any CPU.ActiveCfg = Debug|x86
		{7C9B9808-E62D-4B5A-A507-42036BDC4556}.Debug|ARM.ActiveCfg = Debug|ARM
		{7C9B9808-E62D-4B5A-A507-42036BDC4556}.Debug|ARM.Build.0 = Debug|ARM
		{7C9B9808-E62D-4B5A-A507-42036BDC4556}.Debug|ARM.Deploy.0 = Debug|ARM
		{7C9B9808-E62D-4B5A-A507-42036BDC4556}.Debug|iPhone.ActiveCfg = Debug|x86
		{7C9B9808-E62D-4B5A-A507-42036BDC4556}.Debug|iPhoneSimulator.ActiveCfg = Debug|x86
		{7C9B9808-E62D-4B5A-A507-42036BDC4556}.Debug|x64.ActiveCfg = Debug|x64
		{7C9B9808-E62D-4B5A-A507-42036BDC4556}.Debug|x64.Build.0 = Debug|x64
		{7C9B9808-E62D-4B5A-A507-42036BDC4556}.Debug|x64.Deploy.0 = Debug|x64
		{7C9B9808-E62D-4B5A-A507-42036BDC4556}.Debug|x86.ActiveCfg = Debug|x86
		{7C9B9808-E62D-4B5A-A507-42036BDC4556}.Debug|x86.Build.0 = Debug|x86
		{7C9B9808-E62D-4B5A-A507-42036BDC4556}.Debug|x86.Deploy.0 = Debug|x86
		{7C9B9808-E62D-4B5A-A507-42036BDC4556}.Release|Any CPU.ActiveCfg = Release|x86
		{7C9B9808-E62D-4B5A-A507-42036BDC4556}.Release|ARM.ActiveCfg = Release|ARM
		{7C9B9808-E62D-4B5A-A507-42036BDC4556}.Release|ARM.Build.0 = Release|ARM
		{7C9B9808-E62D-4B5A-A507-42036BDC4556}.Release|ARM.Deploy.0 = Release|ARM
		{7C9B9808-E62D-4B5A-A507-42036BDC4556}.Release|iPhone.ActiveCfg = Release|x86
		{7C9B9808-E62D-4B5A-A507-42036BDC4556}.Release|iPhoneSimulator.ActiveCfg = Release|x86
		{7C9B9808-E62D-4B5A-A507-42036BDC4556}.Release|x64.ActiveCfg = Release|x64
		{7C9B9808-E62D-4B5A-A507-42036BDC4556}.Release|x64.Build.0 = Release|x64
		{7C9B9808-E62D-4B5A-A507-42036BDC4556}.Release|x64.Deploy.0 = Release|x64
		{7C9B9808-E62D-4B5A-A507-42036BDC4556}.Release|x86.ActiveCfg = Release|x86
		{7C9B9808-E62D-4B5A-A507-42036BDC4556}.Release|x86.Build.0 = Release|x86
		{7C9B9808-E62D-4B5A-A507-42036BDC4556}.Release|x86.Deploy.0 = Release|x86
		{2FB6AFE4-37D6-41C8-8999-114719097486}.Ad-Hoc|Any CPU.ActiveCfg = Release|x64
		{2FB6AFE4-37D6-41C8-8999-114719097486}.Ad-Hoc|Any CPU.Build.0 = Release|x64
		{2FB6AFE4-37D6-41C8-8999-114719097486}.Ad-Hoc|Any CPU.Deploy.0 = Release|x64
		{2FB6AFE4-37D6-41C8-8999-114719097486}.Ad-Hoc|ARM.ActiveCfg = Release|ARM
		{2FB6AFE4-37D6-41C8-8999-114719097486}.Ad-Hoc|ARM.Build.0 = Release|ARM
		{2FB6AFE4-37D6-41C8-8999-114719097486}.Ad-Hoc|ARM.Deploy.0 = Release|ARM
		{2FB6AFE4-37D6-41C8-8999-114719097486}.Ad-Hoc|iPhone.ActiveCfg = Release|x64
		{2FB6AFE4-37D6-41C8-8999-114719097486}.Ad-Hoc|iPhone.Build.0 = Release|x64
		{2FB6AFE4-37D6-41C8-8999-114719097486}.Ad-Hoc|iPhone.Deploy.0 = Release|x64
		{2FB6AFE4-37D6-41C8-8999-114719097486}.Ad-Hoc|iPhoneSimulator.ActiveCfg = Release|x64
		{2FB6AFE4-37D6-41C8-8999-114719097486}.Ad-Hoc|iPhoneSimulator.Build.0 = Release|x64
		{2FB6AFE4-37D6-41C8-8999-114719097486}.Ad-Hoc|iPhoneSimulator.Deploy.0 = Release|x64
		{2FB6AFE4-37D6-41C8-8999-114719097486}.Ad-Hoc|x64.ActiveCfg = Release|x64
		{2FB6AFE4-37D6-41C8-8999-114719097486}.Ad-Hoc|x64.Build.0 = Release|x64
		{2FB6AFE4-37D6-41C8-8999-114719097486}.Ad-Hoc|x64.Deploy.0 = Release|x64
		{2FB6AFE4-37D6-41C8-8999-114719097486}.Ad-Hoc|x86.ActiveCfg = Release|x86
		{2FB6AFE4-37D6-41C8-8999-114719097486}.Ad-Hoc|x86.Build.0 = Release|x86
		{2FB6AFE4-37D6-41C8-8999-114719097486}.Ad-Hoc|x86.Deploy.0 = Release|x86
		{2FB6AFE4-37D6-41C8-8999-114719097486}.AppStore|Any CPU.ActiveCfg = Release|x64
		{2FB6AFE4-37D6-41C8-8999-114719097486}.AppStore|Any CPU.Build.0 = Release|x64
		{2FB6AFE4-37D6-41C8-8999-114719097486}.AppStore|Any CPU.Deploy.0 = Release|x64
		{2FB6AFE4-37D6-41C8-8999-114719097486}.AppStore|ARM.ActiveCfg = Release|ARM
		{2FB6AFE4-37D6-41C8-8999-114719097486}.AppStore|ARM.Build.0 = Release|ARM
		{2FB6AFE4-37D6-41C8-8999-114719097486}.AppStore|ARM.Deploy.0 = Release|ARM
		{2FB6AFE4-37D6-41C8-8999-114719097486}.AppStore|iPhone.ActiveCfg = Release|x64
		{2FB6AFE4-37D6-41C8-8999-114719097486}.AppStore|iPhone.Build.0 = Release|x64
		{2FB6AFE4-37D6-41C8-8999-114719097486}.AppStore|iPhone.Deploy.0 = Release|x64
		{2FB6AFE4-37D6-41C8-8999-114719097486}.AppStore|iPhoneSimulator.ActiveCfg = Release|x64
		{2FB6AFE4-37D6-41C8-8999-114719097486}.AppStore|iPhoneSimulator.Build.0 = Release|x64
		{2FB6AFE4-37D6-41C8-8999-114719097486}.AppStore|iPhoneSimulator.Deploy.0 = Release|x64
		{2FB6AFE4-37D6-41C8-8999-114719097486}.AppStore|x64.ActiveCfg = Release|x64
		{2FB6AFE4-37D6-41C8-8999-114719097486}.AppStore|x64.Build.0 = Release|x64
		{2FB6AFE4-37D6-41C8-8999-114719097486}.AppStore|x64.Deploy.0 = Release|x64
		{2FB6AFE4-37D6-41C8-8999-114719097486}.AppStore|x86.ActiveCfg = Release|x86
		{2FB6AFE4-37D6-41C8-8999-114719097486}.AppStore|x86.Build.0 = Release|x86
		{2FB6AFE4-37D6-41C8-8999-114719097486}.AppStore|x86.Deploy.0 = Release|x86
		{2FB6AFE4-37D6-41C8-8999-114719097486}.Debug|Any CPU.ActiveCfg = Debug|x86
		{2FB6AFE4-37D6-41C8-8999-114719097486}.Debug|ARM.ActiveCfg = Debug|ARM
		{2FB6AFE4-37D6-41C8-8999-114719097486}.Debug|ARM.Build.0 = Debug|ARM
		{2FB6AFE4-37D6-41C8-8999-114719097486}.Debug|ARM.Deploy.0 = Debug|ARM
		{2FB6AFE4-37D6-41C8-8999-114719097486}.Debug|iPhone.ActiveCfg = Debug|x86
		{2FB6AFE4-37D6-41C8-8999-114719097486}.Debug|iPhoneSimulator.ActiveCfg = Debug|x86
		{2FB6AFE4-37D6-41C8-8999-114719097486}.Debug|x64.ActiveCfg = Debug|x64
		{2FB6AFE4-37D6-41C8-8999-114719097486}.Debug|x64.Build.0 = Debug|x64
		{2FB6AFE4-37D6-41C8-8999-114719097486}.Debug|x64.Deploy.0 = Debug|x64
		{2FB6AFE4-37D6-41C8-8999-114719097486}.Debug|x86.ActiveCfg = Debug|x86
		{2FB6AFE4-37D6-41C8-8999-114719097486}.Debug|x86.Build.0 = Debug|x86
		{2FB6AFE4-37D6-41C8-8999-114719097486}.Debug|x86.Deploy.0 = Debug|x86
		{2FB6AFE4-37D6-41C8-8999-114719097486}.Release|Any CPU.ActiveCfg = Release|x86
		{2FB6AFE4-37D6-41C8-8999-114719097486}.Release|ARM.ActiveCfg = Release|ARM
		{2FB6AFE4-37D6-41C8-8999-114719097486}.Release|ARM.Build.0 = Release|ARM
		{2FB6AFE4-37D6-41C8-8999-114719097486}.Release|ARM.Deploy.0 = Release|ARM
		{2FB6AFE4-37D6-41C8-8999-114719097486}.Release|iPhone.ActiveCfg = Release|x86
		{2FB6AFE4-37D6-41C8-8999-114719097486}.Release|iPhoneSimulator.ActiveCfg = Release|x86
		{2FB6AFE4-37D6-41C8-8999-114719097486}.Release|x64.ActiveCfg = Release|x64
		{2FB6AFE4-37D6-41C8-8999-114719097486}.Release|x64.Build.0 = Release|x64
		{2FB6AFE4-37D6-41C8-8999-114719097486}.Release|x64.Deploy.0 = Release|x64
		{2FB6AFE4-37D6-41C8-8999-114719097486}.Release|x86.ActiveCfg = Release|x86
		{2FB6AFE4-37D6-41C8-8999-114719097486}.Release|x86.Build.0 = Release|x86
		{2FB6AFE4-37D6-41C8-8999-114719097486}.Release|x86.Deploy.0 = Release|x86
	EndGlobalSection
	GlobalSection(SolutionProperties) = preSolution
		HideSolutionNode = FALSE
	EndGlobalSection
	GlobalSection(NestedProjects) = preSolution
		{C2AA92EF-1C66-4100-B17B-613EA7CB7BCC} = {F4E7F6BB-C5B1-4ED3-977F-514F4C005D31}
		{08D965C4-052E-4013-994A-EBB21D6326BC} = {F4E7F6BB-C5B1-4ED3-977F-514F4C005D31}
		{168A5F5B-C057-45EF-BCAD-A9EB72E1FD9E} = {F4E7F6BB-C5B1-4ED3-977F-514F4C005D31}
		{7C3EC2AF-B8A9-4EFE-A17E-2D74AC163A16} = {A411DAD7-1D9F-4B8B-9142-4D2233FADD09}
		{226F8C27-5A3E-40A0-8555-EA22C0FBCA0F} = {A411DAD7-1D9F-4B8B-9142-4D2233FADD09}
		{90637FA5-B4FC-48E1-BB86-39C624B1FB5D} = {A411DAD7-1D9F-4B8B-9142-4D2233FADD09}
		{0EAD3758-55D6-438B-AE78-3E6A1225F516} = {1CD049EC-70D5-4544-9139-2F49E552CD48}
		{4A5D21FF-481E-4FC9-8436-40BDF08993A1} = {1CD049EC-70D5-4544-9139-2F49E552CD48}
		{7C9B9808-E62D-4B5A-A507-42036BDC4556} = {33FAF2CE-1240-445C-AD81-FCBF20F7CF10}
		{2FB6AFE4-37D6-41C8-8999-114719097486} = {076FA295-5EB8-4EF6-9281-AFAB35A2029B}
	EndGlobalSection
	GlobalSection(ExtensibilityGlobals) = postSolution
		SolutionGuid = {DB4FAEF4-1EB1-4B58-B66A-32E1252BA7B7}
	EndGlobalSection
EndGlobal
